<?xml version="1.0" encoding="utf-8"?>
<Project ToolsVersion="4.0" xmlns="http://schemas.microsoft.com/developer/msbuild/2003">
  <ItemGroup>
    <Filter Include="Source Files">
      <UniqueIdentifier>{4FC737F1-C7A5-4376-A066-2A32D752A2FF}</UniqueIdentifier>
      <Extensions>qml;cpp;c;cc;cxx;def;odl;idl;hpj;bat;asm;asmx</Extensions>
    </Filter>
    <Filter Include="Header Files">
      <UniqueIdentifier>{93995380-89BD-4b04-88EB-625FBE52EBFB}</UniqueIdentifier>
      <Extensions>h;hh;hpp;hxx;hm;inl;inc;xsd</Extensions>
    </Filter>
    <Filter Include="Resource Files">
      <UniqueIdentifier>{67DA6AB6-F800-4c08-8B7A-83BB121AAD01}</UniqueIdentifier>
      <Extensions>qrc;rc;ico;cur;bmp;dlg;rc2;rct;bin;rgs;gif;jpg;jpeg;jpe;resx;tiff;tif;png;wav;mfcribbon-ms</Extensions>
    </Filter>
    <Filter Include="Form Files">
      <UniqueIdentifier>{99349809-55BA-4b9d-BF79-8FDBB0286EB3}</UniqueIdentifier>
      <Extensions>ui</Extensions>
    </Filter>
    <Filter Include="Translation Files">
      <UniqueIdentifier>{639EADAA-A684-42e4-A9AD-28FC9BCB8F7C}</UniqueIdentifier>
      <Extensions>ts</Extensions>
    </Filter>
  </ItemGroup>
  <ItemGroup>
    <QtRcc Include="view\Uncut.qrc">
      <Filter>Resource Files</Filter>
    </QtRcc>
    <QtUic Include="view\Uncut.ui">
      <Filter>Form Files</Filter>
    </QtUic>
    <QtMoc Include="view\Uncut.h">
      <Filter>Header Files</Filter>
    </QtMoc>
    <ClCompile Include="view\Uncut.cpp">
      <Filter>Source Files</Filter>
    </ClCompile>
  </ItemGroup>
  <ItemGroup>
    <ClCompile Include="main.cpp">
      <Filter>Source Files</Filter>
    </ClCompile>
    <ClCompile Include="view\preview\PreviewView.cpp">
      <Filter>Source Files</Filter>
    </ClCompile>
    <ClCompile Include="view\library\LibraryView.cpp">
      <Filter>Source Files</Filter>
    </ClCompile>
    <ClCompile Include="view\library\LibItem.cpp">
      <Filter>Source Files</Filter>
    </ClCompile>
    <ClCompile Include="model\library\LibModel.cpp">
      <Filter>Source Files</Filter>
    </ClCompile>
    <ClCompile Include="controller\library\LibController.cpp">
      <Filter>Source Files</Filter>
    </ClCompile>
    <ClCompile Include="services\decoder\FFMPEGDecoder.cpp">
      <Filter>Source Files</Filter>
    </ClCompile>
    <ClCompile Include="controller\preview\PreviewController.cpp">
      <Filter>Source Files</Filter>
    </ClCompile>
    <ClCompile Include="services\decoder\VideoDecoder.cpp">
      <Filter>Source Files</Filter>
    </ClCompile>
    <ClCompile Include="services\decoder\AudioDecoder.cpp">
      <Filter>Source Files</Filter>
    </ClCompile>
  </ItemGroup>
  <ItemGroup>
    <QtMoc Include="view\preview\PreviewView.h">
      <Filter>Header Files</Filter>
    </QtMoc>
    <QtMoc Include="view\library\LibraryView.h">
      <Filter>Header Files</Filter>
    </QtMoc>
    <QtMoc Include="model\library\LibModel.h">
      <Filter>Header Files</Filter>
    </QtMoc>
    <QtMoc Include="controller\library\LibController.h">
      <Filter>Header Files</Filter>
    </QtMoc>
    <QtMoc Include="controller\preview\PreviewController.h">
      <Filter>Header Files</Filter>
    </QtMoc>
    <QtMoc Include="services\decoder\AudioDecodeWorker.h">
      <Filter>Header Files</Filter>
    </QtMoc>
    <QtMoc Include="services\decoder\VideoDecodeWorker.h">
      <Filter>Header Files</Filter>
    </QtMoc>
    <QtMoc Include="services\decoder\VideoDisplayWorker.h">
      <Filter>Header Files</Filter>
    </QtMoc>
  </ItemGroup>
  <ItemGroup>
    <QtUic Include="view\preview\PreviewView.ui">
      <Filter>Form Files</Filter>
    </QtUic>
    <QtUic Include="view\library\LibraryView.ui">
      <Filter>Form Files</Filter>
    </QtUic>
  </ItemGroup>
  <ItemGroup>
    <ClInclude Include="view\library\LibItem.h">
      <Filter>Header Files</Filter>
    </ClInclude>
    <ClInclude Include="services\decoder\FFMPEGDecoder.h">
      <Filter>Header Files</Filter>
    </ClInclude>
    <ClInclude Include="services\decoder\VideoFrame.h">
      <Filter>Header Files</Filter>
    </ClInclude>
    <ClInclude Include="utils\TimeHelper.h">
      <Filter>Header Files</Filter>
    </ClInclude>
    <ClInclude Include="services\decoder\VideoDecoder.h">
      <Filter>Header Files</Filter>
    </ClInclude>
    <ClInclude Include="services\decoder\AudioDecoder.h">
      <Filter>Header Files</Filter>
    </ClInclude>
    <ClInclude Include="services\decoder\VideoStreamBuffer.h">
      <Filter>Header Files</Filter>
    </ClInclude>
  </ItemGroup>
</Project>